
Microsoft Visual Studio Solution File, Format Version 12.00
# Visual Studio Version 17
VisualStudioVersion = 17.9.34701.34
MinimumVisualStudioVersion = 10.0.40219.1
Project("{FAE04EC0-301F-11D3-BF4B-00C04F79EFBC}") = "ImplementHMAC", "ImplementHMAC\ImplementHMAC.csproj", "{48853EA3-C32F-40A5-9867-E484CA601BDF}"
EndProject
Global
	GlobalSection(SolutionConfigurationPlatforms) = preSolution
		Debug|Any CPU = Debug|Any CPU
		Release|Any CPU = Release|Any CPU
	EndGlobalSection
	GlobalSection(ProjectConfigurationPlatforms) = postSolution
		{48853EA3-C32F-40A5-9867-E484CA601BDF}.Debug|Any CPU.ActiveCfg = Debug|Any CPU
		{48853EA3-C32F-40A5-9867-E484CA601BDF}.Debug|Any CPU.Build.0 = Debug|Any CPU
		{48853EA3-C32F-40A5-9867-E484CA601BDF}.Release|Any CPU.ActiveCfg = Release|Any CPU
		{48853EA3-C32F-40A5-9867-E484CA601BDF}.Release|Any CPU.Build.0 = Release|Any CPU
	EndGlobalSection
	GlobalSection(SolutionProperties) = preSolution
		HideSolutionNode = FALSE
	EndGlobalSection
	GlobalSection(ExtensibilityGlobals) = postSolution
		SolutionGuid = {4AA0CE9B-48CE-4B68-B75D-5D83C0BF1060}
	EndGlobalSection
EndGlobal
